
Microsoft Visual Studio Solution File, Format Version 12.00
# Visual Studio Version 17
VisualStudioVersion = 17.8.34330.188
MinimumVisualStudioVersion = 10.0.40219.1
Project("{FAE04EC0-301F-11D3-BF4B-00C04F79EFBC}") = "Ex5", "Ex5\Ex5.csproj", "{DB91FA8E-5476-4F38-9A42-3F2322FC69A4}"
EndProject
Global
	GlobalSection(SolutionConfigurationPlatforms) = preSolution
		Debug|Any CPU = Debug|Any CPU
		Release|Any CPU = Release|Any CPU
	EndGlobalSection
	GlobalSection(ProjectConfigurationPlatforms) = postSolution
		{DB91FA8E-5476-4F38-9A42-3F2322FC69A4}.Debug|Any CPU.ActiveCfg = Debug|Any CPU
		{DB91FA8E-5476-4F38-9A42-3F2322FC69A4}.Debug|Any CPU.Build.0 = Debug|Any CPU
		{DB91FA8E-5476-4F38-9A42-3F2322FC69A4}.Release|Any CPU.ActiveCfg = Release|Any CPU
		{DB91FA8E-5476-4F38-9A42-3F2322FC69A4}.Release|Any CPU.Build.0 = Release|Any CPU
	EndGlobalSection
	GlobalSection(SolutionProperties) = preSolution
		HideSolutionNode = FALSE
	EndGlobalSection
	GlobalSection(ExtensibilityGlobals) = postSolution
		SolutionGuid = {22983192-9B01-4894-B9F2-CD33300174A3}
	EndGlobalSection
EndGlobal
